
Microsoft Visual Studio Solution File, Format Version 12.00
# Visual Studio Version 16
VisualStudioVersion = 16.0.31729.503
MinimumVisualStudioVersion = 10.0.40219.1
Project("{8BC9CEB8-8B4A-11D0-8D11-00A0C91BC942}") = "HelloApp", "HelloApp\HelloApp.vcxproj", "{C949E816-6A80-4D2C-BFDA-690AB82D039F}"
EndProject
Project("{9A19103F-16F7-4668-BE54-9A1E7A4F7556}") = "pz_2", "pz_2\pz_2.csproj", "{C43783CE-C6E2-4646-A7F8-9104CC46FFAF}"
EndProject
Project("{9A19103F-16F7-4668-BE54-9A1E7A4F7556}") = "pz_3", "pz_3\pz_3.csproj", "{67BE26F1-D1B3-4DA8-9E10-09B68AFBA6C0}"
EndProject
Project("{9A19103F-16F7-4668-BE54-9A1E7A4F7556}") = "pz_4", "pz_4\pz_4.csproj", "{5F6EA45D-BC0C-47B3-B0E5-2FDCE001612F}"
EndProject
Project("{FAE04EC0-301F-11D3-BF4B-00C04F79EFBC}") = "NavigationApp", "NavigationApp\NavigationApp.csproj", "{AB9E0456-0F16-44D9-ABB1-4CA354547855}"
EndProject
Project("{8BC9CEB8-8B4A-11D0-8D11-00A0C91BC942}") = "pz_5", "pz_5\pz_5.vcxproj", "{BF8CC184-1EDB-451F-8C6D-7939A6494745}"
EndProject
Global
	GlobalSection(SolutionConfigurationPlatforms) = preSolution
		Debug|Any CPU = Debug|Any CPU
		Debug|ARM = Debug|ARM
		Debug|ARM64 = Debug|ARM64
		Debug|x64 = Debug|x64
		Debug|x86 = Debug|x86
		Release|Any CPU = Release|Any CPU
		Release|ARM = Release|ARM
		Release|ARM64 = Release|ARM64
		Release|x64 = Release|x64
		Release|x86 = Release|x86
	EndGlobalSection
	GlobalSection(ProjectConfigurationPlatforms) = postSolution
		{C949E816-6A80-4D2C-BFDA-690AB82D039F}.Debug|Any CPU.ActiveCfg = Debug|Win32
		{C949E816-6A80-4D2C-BFDA-690AB82D039F}.Debug|ARM.ActiveCfg = Debug|Win32
		{C949E816-6A80-4D2C-BFDA-690AB82D039F}.Debug|ARM64.ActiveCfg = Debug|Win32
		{C949E816-6A80-4D2C-BFDA-690AB82D039F}.Debug|x64.ActiveCfg = Debug|x64
		{C949E816-6A80-4D2C-BFDA-690AB82D039F}.Debug|x64.Build.0 = Debug|x64
		{C949E816-6A80-4D2C-BFDA-690AB82D039F}.Debug|x86.ActiveCfg = Debug|Win32
		{C949E816-6A80-4D2C-BFDA-690AB82D039F}.Debug|x86.Build.0 = Debug|Win32
		{C949E816-6A80-4D2C-BFDA-690AB82D039F}.Release|Any CPU.ActiveCfg = Release|Win32
		{C949E816-6A80-4D2C-BFDA-690AB82D039F}.Release|ARM.ActiveCfg = Release|Win32
		{C949E816-6A80-4D2C-BFDA-690AB82D039F}.Release|ARM64.ActiveCfg = Release|Win32
		{C949E816-6A80-4D2C-BFDA-690AB82D039F}.Release|x64.ActiveCfg = Release|x64
		{C949E816-6A80-4D2C-BFDA-690AB82D039F}.Release|x64.Build.0 = Release|x64
		{C949E816-6A80-4D2C-BFDA-690AB82D039F}.Release|x86.ActiveCfg = Release|Win32
		{C949E816-6A80-4D2C-BFDA-690AB82D039F}.Release|x86.Build.0 = Release|Win32
		{C43783CE-C6E2-4646-A7F8-9104CC46FFAF}.Debug|Any CPU.ActiveCfg = Debug|Any CPU
		{C43783CE-C6E2-4646-A7F8-9104CC46FFAF}.Debug|Any CPU.Build.0 = Debug|Any CPU
		{C43783CE-C6E2-4646-A7F8-9104CC46FFAF}.Debug|ARM.ActiveCfg = Debug|Any CPU
		{C43783CE-C6E2-4646-A7F8-9104CC46FFAF}.Debug|ARM.Build.0 = Debug|Any CPU
		{C43783CE-C6E2-4646-A7F8-9104CC46FFAF}.Debug|ARM64.ActiveCfg = Debug|Any CPU
		{C43783CE-C6E2-4646-A7F8-9104CC46FFAF}.Debug|ARM64.Build.0 = Debug|Any CPU
		{C43783CE-C6E2-4646-A7F8-9104CC46FFAF}.Debug|x64.ActiveCfg = Debug|Any CPU
		{C43783CE-C6E2-4646-A7F8-9104CC46FFAF}.Debug|x64.Build.0 = Debug|Any CPU
		{C43783CE-C6E2-4646-A7F8-9104CC46FFAF}.Debug|x86.ActiveCfg = Debug|Any CPU
		{C43783CE-C6E2-4646-A7F8-9104CC46FFAF}.Debug|x86.Build.0 = Debug|Any CPU
		{C43783CE-C6E2-4646-A7F8-9104CC46FFAF}.Release|Any CPU.ActiveCfg = Release|Any CPU
		{C43783CE-C6E2-4646-A7F8-9104CC46FFAF}.Release|Any CPU.Build.0 = Release|Any CPU
		{C43783CE-C6E2-4646-A7F8-9104CC46FFAF}.Release|ARM.ActiveCfg = Release|Any CPU
		{C43783CE-C6E2-4646-A7F8-9104CC46FFAF}.Release|ARM.Build.0 = Release|Any CPU
		{C43783CE-C6E2-4646-A7F8-9104CC46FFAF}.Release|ARM64.ActiveCfg = Release|Any CPU
		{C43783CE-C6E2-4646-A7F8-9104CC46FFAF}.Release|ARM64.Build.0 = Release|Any CPU
		{C43783CE-C6E2-4646-A7F8-9104CC46FFAF}.Release|x64.ActiveCfg = Release|Any CPU
		{C43783CE-C6E2-4646-A7F8-9104CC46FFAF}.Release|x64.Build.0 = Release|Any CPU
		{C43783CE-C6E2-4646-A7F8-9104CC46FFAF}.Release|x86.ActiveCfg = Release|Any CPU
		{C43783CE-C6E2-4646-A7F8-9104CC46FFAF}.Release|x86.Build.0 = Release|Any CPU
		{67BE26F1-D1B3-4DA8-9E10-09B68AFBA6C0}.Debug|Any CPU.ActiveCfg = Debug|Any CPU
		{67BE26F1-D1B3-4DA8-9E10-09B68AFBA6C0}.Debug|Any CPU.Build.0 = Debug|Any CPU
		{67BE26F1-D1B3-4DA8-9E10-09B68AFBA6C0}.Debug|ARM.ActiveCfg = Debug|Any CPU
		{67BE26F1-D1B3-4DA8-9E10-09B68AFBA6C0}.Debug|ARM.Build.0 = Debug|Any CPU
		{67BE26F1-D1B3-4DA8-9E10-09B68AFBA6C0}.Debug|ARM64.ActiveCfg = Debug|Any CPU
		{67BE26F1-D1B3-4DA8-9E10-09B68AFBA6C0}.Debug|ARM64.Build.0 = Debug|Any CPU
		{67BE26F1-D1B3-4DA8-9E10-09B68AFBA6C0}.Debug|x64.ActiveCfg = Debug|Any CPU
		{67BE26F1-D1B3-4DA8-9E10-09B68AFBA6C0}.Debug|x64.Build.0 = Debug|Any CPU
		{67BE26F1-D1B3-4DA8-9E10-09B68AFBA6C0}.Debug|x86.ActiveCfg = Debug|Any CPU
		{67BE26F1-D1B3-4DA8-9E10-09B68AFBA6C0}.Debug|x86.Build.0 = Debug|Any CPU
		{67BE26F1-D1B3-4DA8-9E10-09B68AFBA6C0}.Release|Any CPU.ActiveCfg = Release|Any CPU
		{67BE26F1-D1B3-4DA8-9E10-09B68AFBA6C0}.Release|Any CPU.Build.0 = Release|Any CPU
		{67BE26F1-D1B3-4DA8-9E10-09B68AFBA6C0}.Release|ARM.ActiveCfg = Release|Any CPU
		{67BE26F1-D1B3-4DA8-9E10-09B68AFBA6C0}.Release|ARM.Build.0 = Release|Any CPU
		{67BE26F1-D1B3-4DA8-9E10-09B68AFBA6C0}.Release|ARM64.ActiveCfg = Release|Any CPU
		{67BE26F1-D1B3-4DA8-9E10-09B68AFBA6C0}.Release|ARM64.Build.0 = Release|Any CPU
		{67BE26F1-D1B3-4DA8-9E10-09B68AFBA6C0}.Release|x64.ActiveCfg = Release|Any CPU
		{67BE26F1-D1B3-4DA8-9E10-09B68AFBA6C0}.Release|x64.Build.0 = Release|Any CPU
		{67BE26F1-D1B3-4DA8-9E10-09B68AFBA6C0}.Release|x86.ActiveCfg = Release|Any CPU
		{67BE26F1-D1B3-4DA8-9E10-09B68AFBA6C0}.Release|x86.Build.0 = Release|Any CPU
		{5F6EA45D-BC0C-47B3-B0E5-2FDCE001612F}.Debug|Any CPU.ActiveCfg = Debug|Any CPU
		{5F6EA45D-BC0C-47B3-B0E5-2FDCE001612F}.Debug|Any CPU.Build.0 = Debug|Any CPU
		{5F6EA45D-BC0C-47B3-B0E5-2FDCE001612F}.Debug|ARM.ActiveCfg = Debug|Any CPU
		{5F6EA45D-BC0C-47B3-B0E5-2FDCE001612F}.Debug|ARM.Build.0 = Debug|Any CPU
		{5F6EA45D-BC0C-47B3-B0E5-2FDCE001612F}.Debug|ARM64.ActiveCfg = Debug|Any CPU
		{5F6EA45D-BC0C-47B3-B0E5-2FDCE001612F}.Debug|ARM64.Build.0 = Debug|Any CPU
		{5F6EA45D-BC0C-47B3-B0E5-2FDCE001612F}.Debug|x64.ActiveCfg = Debug|Any CPU
		{5F6EA45D-BC0C-47B3-B0E5-2FDCE001612F}.Debug|x64.Build.0 = Debug|Any CPU
		{5F6EA45D-BC0C-47B3-B0E5-2FDCE001612F}.Debug|x86.ActiveCfg = Debug|Any CPU
		{5F6EA45D-BC0C-47B3-B0E5-2FDCE001612F}.Debug|x86.Build.0 = Debug|Any CPU
		{5F6EA45D-BC0C-47B3-B0E5-2FDCE001612F}.Release|Any CPU.ActiveCfg = Release|Any CPU
		{5F6EA45D-BC0C-47B3-B0E5-2FDCE001612F}.Release|Any CPU.Build.0 = Release|Any CPU
		{5F6EA45D-BC0C-47B3-B0E5-2FDCE001612F}.Release|ARM.ActiveCfg = Release|Any CPU
		{5F6EA45D-BC0C-47B3-B0E5-2FDCE001612F}.Release|ARM.Build.0 = Release|Any CPU
		{5F6EA45D-BC0C-47B3-B0E5-2FDCE001612F}.Release|ARM64.ActiveCfg = Release|Any CPU
		{5F6EA45D-BC0C-47B3-B0E5-2FDCE001612F}.Release|ARM64.Build.0 = Release|Any CPU
		{5F6EA45D-BC0C-47B3-B0E5-2FDCE001612F}.Release|x64.ActiveCfg = Release|Any CPU
		{5F6EA45D-BC0C-47B3-B0E5-2FDCE001612F}.Release|x64.Build.0 = Release|Any CPU
		{5F6EA45D-BC0C-47B3-B0E5-2FDCE001612F}.Release|x86.ActiveCfg = Release|Any CPU
		{5F6EA45D-BC0C-47B3-B0E5-2FDCE001612F}.Release|x86.Build.0 = Release|Any CPU
		{AB9E0456-0F16-44D9-ABB1-4CA354547855}.Debug|Any CPU.ActiveCfg = Debug|x86
		{AB9E0456-0F16-44D9-ABB1-4CA354547855}.Debug|ARM.ActiveCfg = Debug|ARM
		{AB9E0456-0F16-44D9-ABB1-4CA354547855}.Debug|ARM.Build.0 = Debug|ARM
		{AB9E0456-0F16-44D9-ABB1-4CA354547855}.Debug|ARM.Deploy.0 = Debug|ARM
		{AB9E0456-0F16-44D9-ABB1-4CA354547855}.Debug|ARM64.ActiveCfg = Debug|ARM64
		{AB9E0456-0F16-44D9-ABB1-4CA354547855}.Debug|ARM64.Build.0 = Debug|ARM64
		{AB9E0456-0F16-44D9-ABB1-4CA354547855}.Debug|ARM64.Deploy.0 = Debug|ARM64
		{AB9E0456-0F16-44D9-ABB1-4CA354547855}.Debug|x64.ActiveCfg = Debug|x64
		{AB9E0456-0F16-44D9-ABB1-4CA354547855}.Debug|x64.Build.0 = Debug|x64
		{AB9E0456-0F16-44D9-ABB1-4CA354547855}.Debug|x64.Deploy.0 = Debug|x64
		{AB9E0456-0F16-44D9-ABB1-4CA354547855}.Debug|x86.ActiveCfg = Debug|x86
		{AB9E0456-0F16-44D9-ABB1-4CA354547855}.Debug|x86.Build.0 = Debug|x86
		{AB9E0456-0F16-44D9-ABB1-4CA354547855}.Debug|x86.Deploy.0 = Debug|x86
		{AB9E0456-0F16-44D9-ABB1-4CA354547855}.Release|Any CPU.ActiveCfg = Release|x86
		{AB9E0456-0F16-44D9-ABB1-4CA354547855}.Release|ARM.ActiveCfg = Release|ARM
		{AB9E0456-0F16-44D9-ABB1-4CA354547855}.Release|ARM.Build.0 = Release|ARM
		{AB9E0456-0F16-44D9-ABB1-4CA354547855}.Release|ARM.Deploy.0 = Release|ARM
		{AB9E0456-0F16-44D9-ABB1-4CA354547855}.Release|ARM64.ActiveCfg = Release|ARM64
		{AB9E0456-0F16-44D9-ABB1-4CA354547855}.Release|ARM64.Build.0 = Release|ARM64
		{AB9E0456-0F16-44D9-ABB1-4CA354547855}.Release|ARM64.Deploy.0 = Release|ARM64
		{AB9E0456-0F16-44D9-ABB1-4CA354547855}.Release|x64.ActiveCfg = Release|x64
		{AB9E0456-0F16-44D9-ABB1-4CA354547855}.Release|x64.Build.0 = Release|x64
		{AB9E0456-0F16-44D9-ABB1-4CA354547855}.Release|x64.Deploy.0 = Release|x64
		{AB9E0456-0F16-44D9-ABB1-4CA354547855}.Release|x86.ActiveCfg = Release|x86
		{AB9E0456-0F16-44D9-ABB1-4CA354547855}.Release|x86.Build.0 = Release|x86
		{AB9E0456-0F16-44D9-ABB1-4CA354547855}.Release|x86.Deploy.0 = Release|x86
		{BF8CC184-1EDB-451F-8C6D-7939A6494745}.Debug|Any CPU.ActiveCfg = Debug|Win32
		{BF8CC184-1EDB-451F-8C6D-7939A6494745}.Debug|ARM.ActiveCfg = Debug|Win32
		{BF8CC184-1EDB-451F-8C6D-7939A6494745}.Debug|ARM64.ActiveCfg = Debug|Win32
		{BF8CC184-1EDB-451F-8C6D-7939A6494745}.Debug|x64.ActiveCfg = Debug|x64
		{BF8CC184-1EDB-451F-8C6D-7939A6494745}.Debug|x64.Build.0 = Debug|x64
		{BF8CC184-1EDB-451F-8C6D-7939A6494745}.Debug|x86.ActiveCfg = Debug|Win32
		{BF8CC184-1EDB-451F-8C6D-7939A6494745}.Debug|x86.Build.0 = Debug|Win32
		{BF8CC184-1EDB-451F-8C6D-7939A6494745}.Release|Any CPU.ActiveCfg = Release|Win32
		{BF8CC184-1EDB-451F-8C6D-7939A6494745}.Release|ARM.ActiveCfg = Release|Win32
		{BF8CC184-1EDB-451F-8C6D-7939A6494745}.Release|ARM64.ActiveCfg = Release|Win32
		{BF8CC184-1EDB-451F-8C6D-7939A6494745}.Release|x64.ActiveCfg = Release|x64
		{BF8CC184-1EDB-451F-8C6D-7939A6494745}.Release|x64.Build.0 = Release|x64
		{BF8CC184-1EDB-451F-8C6D-7939A6494745}.Release|x86.ActiveCfg = Release|Win32
		{BF8CC184-1EDB-451F-8C6D-7939A6494745}.Release|x86.Build.0 = Release|Win32
	EndGlobalSection
	GlobalSection(SolutionProperties) = preSolution
		HideSolutionNode = FALSE
	EndGlobalSection
	GlobalSection(ExtensibilityGlobals) = postSolution
		SolutionGuid = {F5B8C0B4-B4B1-4E05-B614-51B2E09398E8}
	EndGlobalSection
EndGlobal
